
Microsoft Visual Studio Solution File, Format Version 12.00
# Visual Studio Version 16
VisualStudioVersion = 16.0.31129.286
MinimumVisualStudioVersion = 10.0.40219.1
Project("{FAE04EC0-301F-11D3-BF4B-00C04F79EFBC}") = "MySARAssist.Android", "MySARAssist\MySARAssist.Android\MySARAssist.Android.csproj", "{8C7BBA2D-CA7D-41EC-B43F-AF5D838E07CC}"
EndProject
Project("{FAE04EC0-301F-11D3-BF4B-00C04F79EFBC}") = "MySARAssist.iOS", "MySARAssist\MySARAssist.iOS\MySARAssist.iOS.csproj", "{53111FC3-3CFE-4CD9-84ED-E4E38E5B231F}"
EndProject
Project("{FAE04EC0-301F-11D3-BF4B-00C04F79EFBC}") = "MySARAssist", "MySARAssist\MySARAssist\MySARAssist.csproj", "{1F353AC1-BD1F-4F50-BF57-A99C46EC319D}"
EndProject
Global
	GlobalSection(SolutionConfigurationPlatforms) = preSolution
		Debug|Any CPU = Debug|Any CPU
		Debug|iPhone = Debug|iPhone
		Debug|iPhoneSimulator = Debug|iPhoneSimulator
		Release|Any CPU = Release|Any CPU
		Release|iPhone = Release|iPhone
		Release|iPhoneSimulator = Release|iPhoneSimulator
	EndGlobalSection
	GlobalSection(ProjectConfigurationPlatforms) = postSolution
		{8C7BBA2D-CA7D-41EC-B43F-AF5D838E07CC}.Debug|Any CPU.ActiveCfg = Debug|Any CPU
		{8C7BBA2D-CA7D-41EC-B43F-AF5D838E07CC}.Debug|Any CPU.Build.0 = Debug|Any CPU
		{8C7BBA2D-CA7D-41EC-B43F-AF5D838E07CC}.Debug|Any CPU.Deploy.0 = Debug|Any CPU
		{8C7BBA2D-CA7D-41EC-B43F-AF5D838E07CC}.Debug|iPhone.ActiveCfg = Debug|Any CPU
		{8C7BBA2D-CA7D-41EC-B43F-AF5D838E07CC}.Debug|iPhone.Build.0 = Debug|Any CPU
		{8C7BBA2D-CA7D-41EC-B43F-AF5D838E07CC}.Debug|iPhone.Deploy.0 = Debug|Any CPU
		{8C7BBA2D-CA7D-41EC-B43F-AF5D838E07CC}.Debug|iPhoneSimulator.ActiveCfg = Debug|Any CPU
		{8C7BBA2D-CA7D-41EC-B43F-AF5D838E07CC}.Debug|iPhoneSimulator.Build.0 = Debug|Any CPU
		{8C7BBA2D-CA7D-41EC-B43F-AF5D838E07CC}.Debug|iPhoneSimulator.Deploy.0 = Debug|Any CPU
		{8C7BBA2D-CA7D-41EC-B43F-AF5D838E07CC}.Release|Any CPU.ActiveCfg = Release|Any CPU
		{8C7BBA2D-CA7D-41EC-B43F-AF5D838E07CC}.Release|Any CPU.Build.0 = Release|Any CPU
		{8C7BBA2D-CA7D-41EC-B43F-AF5D838E07CC}.Release|Any CPU.Deploy.0 = Release|Any CPU
		{8C7BBA2D-CA7D-41EC-B43F-AF5D838E07CC}.Release|iPhone.ActiveCfg = Release|Any CPU
		{8C7BBA2D-CA7D-41EC-B43F-AF5D838E07CC}.Release|iPhone.Build.0 = Release|Any CPU
		{8C7BBA2D-CA7D-41EC-B43F-AF5D838E07CC}.Release|iPhone.Deploy.0 = Release|Any CPU
		{8C7BBA2D-CA7D-41EC-B43F-AF5D838E07CC}.Release|iPhoneSimulator.ActiveCfg = Release|Any CPU
		{8C7BBA2D-CA7D-41EC-B43F-AF5D838E07CC}.Release|iPhoneSimulator.Build.0 = Release|Any CPU
		{8C7BBA2D-CA7D-41EC-B43F-AF5D838E07CC}.Release|iPhoneSimulator.Deploy.0 = Release|Any CPU
		{53111FC3-3CFE-4CD9-84ED-E4E38E5B231F}.Debug|Any CPU.ActiveCfg = Debug|iPhone
		{53111FC3-3CFE-4CD9-84ED-E4E38E5B231F}.Debug|Any CPU.Build.0 = Debug|iPhone
		{53111FC3-3CFE-4CD9-84ED-E4E38E5B231F}.Debug|Any CPU.Deploy.0 = Debug|iPhone
		{53111FC3-3CFE-4CD9-84ED-E4E38E5B231F}.Debug|iPhone.ActiveCfg = Debug|iPhone
		{53111FC3-3CFE-4CD9-84ED-E4E38E5B231F}.Debug|iPhone.Build.0 = Debug|iPhone
		{53111FC3-3CFE-4CD9-84ED-E4E38E5B231F}.Debug|iPhone.Deploy.0 = Debug|iPhone
		{53111FC3-3CFE-4CD9-84ED-E4E38E5B231F}.Debug|iPhoneSimulator.ActiveCfg = Debug|iPhoneSimulator
		{53111FC3-3CFE-4CD9-84ED-E4E38E5B231F}.Debug|iPhoneSimulator.Build.0 = Debug|iPhoneSimulator
		{53111FC3-3CFE-4CD9-84ED-E4E38E5B231F}.Debug|iPhoneSimulator.Deploy.0 = Debug|iPhoneSimulator
		{53111FC3-3CFE-4CD9-84ED-E4E38E5B231F}.Release|Any CPU.ActiveCfg = Release|iPhoneSimulator
		{53111FC3-3CFE-4CD9-84ED-E4E38E5B231F}.Release|Any CPU.Build.0 = Release|iPhoneSimulator
		{53111FC3-3CFE-4CD9-84ED-E4E38E5B231F}.Release|Any CPU.Deploy.0 = Release|iPhoneSimulator
		{53111FC3-3CFE-4CD9-84ED-E4E38E5B231F}.Release|iPhone.ActiveCfg = Release|iPhone
		{53111FC3-3CFE-4CD9-84ED-E4E38E5B231F}.Release|iPhone.Build.0 = Release|iPhone
		{53111FC3-3CFE-4CD9-84ED-E4E38E5B231F}.Release|iPhone.Deploy.0 = Release|iPhone
		{53111FC3-3CFE-4CD9-84ED-E4E38E5B231F}.Release|iPhoneSimulator.ActiveCfg = Release|iPhoneSimulator
		{53111FC3-3CFE-4CD9-84ED-E4E38E5B231F}.Release|iPhoneSimulator.Build.0 = Release|iPhoneSimulator
		{53111FC3-3CFE-4CD9-84ED-E4E38E5B231F}.Release|iPhoneSimulator.Deploy.0 = Release|iPhoneSimulator
		{1F353AC1-BD1F-4F50-BF57-A99C46EC319D}.Debug|Any CPU.ActiveCfg = Debug|Any CPU
		{1F353AC1-BD1F-4F50-BF57-A99C46EC319D}.Debug|Any CPU.Build.0 = Debug|Any CPU
		{1F353AC1-BD1F-4F50-BF57-A99C46EC319D}.Debug|Any CPU.Deploy.0 = Debug|Any CPU
		{1F353AC1-BD1F-4F50-BF57-A99C46EC319D}.Debug|iPhone.ActiveCfg = Debug|Any CPU
		{1F353AC1-BD1F-4F50-BF57-A99C46EC319D}.Debug|iPhone.Build.0 = Debug|Any CPU
		{1F353AC1-BD1F-4F50-BF57-A99C46EC319D}.Debug|iPhone.Deploy.0 = Debug|Any CPU
		{1F353AC1-BD1F-4F50-BF57-A99C46EC319D}.Debug|iPhoneSimulator.ActiveCfg = Debug|Any CPU
		{1F353AC1-BD1F-4F50-BF57-A99C46EC319D}.Debug|iPhoneSimulator.Build.0 = Debug|Any CPU
		{1F353AC1-BD1F-4F50-BF57-A99C46EC319D}.Debug|iPhoneSimulator.Deploy.0 = Debug|Any CPU
		{1F353AC1-BD1F-4F50-BF57-A99C46EC319D}.Release|Any CPU.ActiveCfg = Release|Any CPU
		{1F353AC1-BD1F-4F50-BF57-A99C46EC319D}.Release|Any CPU.Build.0 = Release|Any CPU
		{1F353AC1-BD1F-4F50-BF57-A99C46EC319D}.Release|Any CPU.Deploy.0 = Release|Any CPU
		{1F353AC1-BD1F-4F50-BF57-A99C46EC319D}.Release|iPhone.ActiveCfg = Release|Any CPU
		{1F353AC1-BD1F-4F50-BF57-A99C46EC319D}.Release|iPhone.Build.0 = Release|Any CPU
		{1F353AC1-BD1F-4F50-BF57-A99C46EC319D}.Release|iPhone.Deploy.0 = Release|Any CPU
		{1F353AC1-BD1F-4F50-BF57-A99C46EC319D}.Release|iPhoneSimulator.ActiveCfg = Release|Any CPU
		{1F353AC1-BD1F-4F50-BF57-A99C46EC319D}.Release|iPhoneSimulator.Build.0 = Release|Any CPU
		{1F353AC1-BD1F-4F50-BF57-A99C46EC319D}.Release|iPhoneSimulator.Deploy.0 = Release|Any CPU
	EndGlobalSection
	GlobalSection(SolutionProperties) = preSolution
		HideSolutionNode = FALSE
	EndGlobalSection
	GlobalSection(ExtensibilityGlobals) = postSolution
		SolutionGuid = {490ECEA7-E2B5-48BD-982F-6740C97ECB91}
	EndGlobalSection
	GlobalSection(MonoDevelopProperties) = preSolution
		Policies = $0
		$0.DotNetNamingPolicy = $1
		$1.DirectoryNamespaceAssociation = PrefixedHierarchical
		version = 1.6
	EndGlobalSection
EndGlobal
